# This file is generated by running "yarn install" inside your project.
# Manual changes might be lost - proceed with caution!

__metadata:
  version: 6
  cacheKey: 8

"app-cobertura-internet@workspace:.":
  version: 0.0.0-use.local
  resolution: "app-cobertura-internet@workspace:."
  dependencies:
    node-json-db: ^2.1.0
  languageName: unknown
  linkType: soft

"atomically@npm:^1.7.0":
  version: 1.7.0
  resolution: "atomically@npm:1.7.0"
  checksum: 991153b17334597f93b58e831bea9851e57ed9cd41d8f33991be063f170b5cc8ec7ff8605f3eb95c1d389c2ad651039e9eb8f2b795e24833c2ceb944f347373a
  languageName: node
  linkType: hard

"node-json-db@npm:^2.1.0":
  version: 2.1.0
  resolution: "node-json-db@npm:2.1.0"
  dependencies:
    atomically: ^1.7.0
  checksum: ed41e35cce1ed15e65ec925cc37f8298316f535d02a6d9650f3dbe4fa7dede79b9069cf8918d8026fa108961e24884f5d7edb327b571c59a4a832e8a36f3f84b
  languageName: node
  linkType: hard
